
Microsoft Visual Studio Solution File, Format Version 12.00
# Visual Studio Version 17
VisualStudioVersion = 17.9.34701.34
MinimumVisualStudioVersion = 10.0.40219.1
Project("{FAE04EC0-301F-11D3-BF4B-00C04F79EFBC}") = "Report", "Report\Report.csproj", "{CF86A517-288F-4DFA-8C82-A003E8FB654B}"
EndProject
Global
	GlobalSection(SolutionConfigurationPlatforms) = preSolution
		Debug|Any CPU = Debug|Any CPU
		Release|Any CPU = Release|Any CPU
	EndGlobalSection
	GlobalSection(ProjectConfigurationPlatforms) = postSolution
		{CF86A517-288F-4DFA-8C82-A003E8FB654B}.Debug|Any CPU.ActiveCfg = Debug|Any CPU
		{CF86A517-288F-4DFA-8C82-A003E8FB654B}.Debug|Any CPU.Build.0 = Debug|Any CPU
		{CF86A517-288F-4DFA-8C82-A003E8FB654B}.Release|Any CPU.ActiveCfg = Release|Any CPU
		{CF86A517-288F-4DFA-8C82-A003E8FB654B}.Release|Any CPU.Build.0 = Release|Any CPU
	EndGlobalSection
	GlobalSection(SolutionProperties) = preSolution
		HideSolutionNode = FALSE
	EndGlobalSection
	GlobalSection(ExtensibilityGlobals) = postSolution
		SolutionGuid = {7ECE58E2-BFEB-457C-AB0E-1699802E73CE}
	EndGlobalSection
EndGlobal
